{
  "version": 4,
  "terraform_version": "1.13.3",
  "serial": 237,
  "lineage": "76e72e8d-29ae-9791-ad35-fdf37a83b914",
  "outputs": {},
  "resources": [
    {
      "mode": "data",
      "type": "azurerm_resource_group",
      "name": "rg-platform-dirservices",
      "provider": "provider[\"registry.terraform.io/hashicorp/azurerm\"].sub-Platform",
      "instances": [
        {
          "schema_version": 0,
          "attributes": {
            "id": "/subscriptions/3635cc97-a2d6-4bc1-9ea6-00fcddc10aa6/resourceGroups/RG-Platform-DirServices",
            "location": "uksouth",
            "managed_by": "",
            "name": "RG-Platform-DirServices",
            "tags": {},
            "timeouts": null
          },
          "sensitive_attributes": [],
          "identity_schema_version": 0
        }
      ]
    },
    {
      "mode": "data",
      "type": "azurerm_resource_group",
      "name": "rg-platform-monitoring",
      "provider": "provider[\"registry.terraform.io/hashicorp/azurerm\"].sub-Platform",
      "instances": [
        {
          "schema_version": 0,
          "attributes": {
            "id": "/subscriptions/3635cc97-a2d6-4bc1-9ea6-00fcddc10aa6/resourceGroups/RG-Platform-Monitoring",
            "location": "uksouth",
            "managed_by": "",
            "name": "RG-Platform-Monitoring",
            "tags": {},
            "timeouts": null
          },
          "sensitive_attributes": [],
          "identity_schema_version": 0
        }
      ]
    },
    {
      "mode": "data",
      "type": "azurerm_resource_group",
      "name": "rg-platform-networking",
      "provider": "provider[\"registry.terraform.io/hashicorp/azurerm\"].sub-Platform",
      "instances": [
        {
          "schema_version": 0,
          "attributes": {
            "id": "/subscriptions/3635cc97-a2d6-4bc1-9ea6-00fcddc10aa6/resourceGroups/RG-Platform-Networking",
            "location": "uksouth",
            "managed_by": "",
            "name": "RG-Platform-Networking",
            "tags": {},
            "timeouts": null
          },
          "sensitive_attributes": [],
          "identity_schema_version": 0
        }
      ]
    },
    {
      "mode": "data",
      "type": "azurerm_resource_group",
      "name": "rg-prod-01-networking",
      "provider": "provider[\"registry.terraform.io/hashicorp/azurerm\"].sub-Prod-01",
      "instances": [
        {
          "schema_version": 0,
          "attributes": {
            "id": "/subscriptions/43d74b2b-f6c0-4c6b-9e12-1095e6955562/resourceGroups/RG-Prod-01-Networking",
            "location": "uksouth",
            "managed_by": "",
            "name": "RG-Prod-01-Networking",
            "tags": {},
            "timeouts": null
          },
          "sensitive_attributes": [],
          "identity_schema_version": 0
        }
      ]
    },
    {
      "mode": "data",
      "type": "azurerm_subnet",
      "name": "bastionsubnet",
      "provider": "provider[\"registry.terraform.io/hashicorp/azurerm\"].sub-Platform",
      "instances": [
        {
          "schema_version": 0,
          "attributes": {
            "address_prefix": "10.101.250.0/24",
            "address_prefixes": [
              "10.101.250.0/24"
            ],
            "default_outbound_access_enabled": true,
            "id": "/subscriptions/3635cc97-a2d6-4bc1-9ea6-00fcddc10aa6/resourceGroups/RG-Platform-Networking/providers/Microsoft.Network/virtualNetworks/AZ01-Platform-01/subnets/AzureBastionSubnet",
            "name": "AzureBastionSubnet",
            "network_security_group_id": "",
            "private_endpoint_network_policies": "Disabled",
            "private_link_service_network_policies_enabled": true,
            "resource_group_name": "RG-Platform-Networking",
            "route_table_id": "",
            "service_endpoints": [],
            "timeouts": null,
            "virtual_network_name": "AZ01-Platform-01"
          },
          "sensitive_attributes": [],
          "identity_schema_version": 0
        }
      ]
    },
    {
      "mode": "data",
      "type": "azurerm_subnet",
      "name": "sn-dirservices",
      "provider": "provider[\"registry.terraform.io/hashicorp/azurerm\"].sub-Platform",
      "instances": [
        {
          "schema_version": 0,
          "attributes": {
            "address_prefix": "10.101.10.0/23",
            "address_prefixes": [
              "10.101.10.0/23"
            ],
            "default_outbound_access_enabled": true,
            "id": "/subscriptions/3635cc97-a2d6-4bc1-9ea6-00fcddc10aa6/resourceGroups/RG-Platform-Networking/providers/Microsoft.Network/virtualNetworks/AZ01-Platform-01/subnets/SN-DirServices",
            "name": "SN-DirServices",
            "network_security_group_id": "/subscriptions/3635cc97-a2d6-4bc1-9ea6-00fcddc10aa6/resourceGroups/RG-Platform-Networking/providers/Microsoft.Network/networkSecurityGroups/NSG-Platform-DirServices",
            "private_endpoint_network_policies": "Disabled",
            "private_link_service_network_policies_enabled": true,
            "resource_group_name": "RG-Platform-Networking",
            "route_table_id": "",
            "service_endpoints": [],
            "timeouts": null,
            "virtual_network_name": "AZ01-Platform-01"
          },
          "sensitive_attributes": [],
          "identity_schema_version": 0
        }
      ]
    },
    {
      "mode": "managed",
      "type": "azurerm_automation_account",
      "name": "aa-cml-01",
      "provider": "provider[\"registry.terraform.io/hashicorp/azurerm\"].sub-Platform",
      "instances": [
        {
          "schema_version": 0,
          "attributes": {
            "dsc_primary_access_key": "hlrbeQTMqEZ9k7Qcraoc1vTrOBAymlB2+YrMv3/9Jd2tcHTQCWtU6srUmX9oubFOF0pZjCbF+kjcQrrd6vWcZg==",
            "dsc_secondary_access_key": "Cy4t7sjjYgt1Bgrra6ONe9qp1iTtggrDEYAFUI9C61N3aue55HN1rF3q3L62QLaLzuF+JD34WGXZAPR3eW+SKA==",
            "dsc_server_endpoint": "https://3b80ba2a-bddb-4ef8-a60a-79adcd56fe60.agentsvc.uks.azure-automation.net/accounts/3b80ba2a-bddb-4ef8-a60a-79adcd56fe60",
            "encryption": [],
            "hybrid_service_url": "https://3b80ba2a-bddb-4ef8-a60a-79adcd56fe60.jrds.uks.azure-automation.net/automationAccounts/3b80ba2a-bddb-4ef8-a60a-79adcd56fe60",
            "id": "/subscriptions/3635cc97-a2d6-4bc1-9ea6-00fcddc10aa6/resourceGroups/RG-Platform-Monitoring/providers/Microsoft.Automation/automationAccounts/AA-CML-01",
            "identity": [],
            "local_authentication_enabled": true,
            "location": "uksouth",
            "name": "AA-CML-01",
            "private_endpoint_connection": [],
            "public_network_access_enabled": true,
            "resource_group_name": "RG-Platform-Monitoring",
            "sku_name": "Basic",
            "tags": {
              "environment": "Platform",
              "role": "Automation Account"
            },
            "timeouts": null
          },
          "sensitive_attributes": [
            [
              {
                "type": "get_attr",
                "value": "dsc_primary_access_key"
              }
            ],
            [
              {
                "type": "get_attr",
                "value": "dsc_secondary_access_key"
              }
            ]
          ],
          "identity_schema_version": 0,
          "private": "eyJlMmJmYjczMC1lY2FhLTExZTYtOGY4OC0zNDM2M2JjN2M0YzAiOnsiY3JlYXRlIjoxODAwMDAwMDAwMDAwLCJkZWxldGUiOjE4MDAwMDAwMDAwMDAsInJlYWQiOjMwMDAwMDAwMDAwMCwidXBkYXRlIjoxODAwMDAwMDAwMDAwfX0=",
          "dependencies": [
            "data.azurerm_resource_group.rg-platform-monitoring"
          ]
        }
      ]
    },
    {
      "mode": "managed",
      "type": "azurerm_automation_schedule",
      "name": "sched-start-cmlaz01dc01",
      "provider": "provider[\"registry.terraform.io/hashicorp/azurerm\"].sub-Platform",
      "instances": [
        {
          "schema_version": 0,
          "attributes": {
            "automation_account_name": "AA-CML-01",
            "description": "",
            "expiry_time": "9999-12-31T23:59:00+00:00",
            "frequency": "Week",
            "id": "/subscriptions/3635cc97-a2d6-4bc1-9ea6-00fcddc10aa6/resourceGroups/RG-Platform-Monitoring/providers/Microsoft.Automation/automationAccounts/AA-CML-01/schedules/Sched-Start-CMLAZ01DC01",
            "interval": 1,
            "month_days": null,
            "monthly_occurrence": [],
            "name": "Sched-Start-CMLAZ01DC01",
            "resource_group_name": "RG-Platform-Monitoring",
            "start_time": "2025-09-28T16:30:00Z",
            "timeouts": null,
            "timezone": "Etc/UTC",
            "week_days": null
          },
          "sensitive_attributes": [],
          "identity_schema_version": 0,
          "private": "eyJlMmJmYjczMC1lY2FhLTExZTYtOGY4OC0zNDM2M2JjN2M0YzAiOnsiY3JlYXRlIjoxODAwMDAwMDAwMDAwLCJkZWxldGUiOjE4MDAwMDAwMDAwMDAsInJlYWQiOjMwMDAwMDAwMDAwMCwidXBkYXRlIjoxODAwMDAwMDAwMDAwfX0=",
          "dependencies": [
            "azurerm_automation_account.aa-cml-01",
            "data.azurerm_resource_group.rg-platform-monitoring"
          ]
        }
      ]
    },
    {
      "mode": "managed",
      "type": "azurerm_firewall_policy",
      "name": "fwp-cmlfwtest-01-uks",
      "provider": "provider[\"registry.terraform.io/hashicorp/azurerm\"].sub-Platform",
      "instances": [
        {
          "schema_version": 0,
          "attributes": {
            "auto_learn_private_ranges_enabled": false,
            "base_policy_id": "",
            "child_policies": [],
            "dns": [],
            "explicit_proxy": [],
            "firewalls": [],
            "id": "/subscriptions/3635cc97-a2d6-4bc1-9ea6-00fcddc10aa6/resourceGroups/RG-Platform-Networking/providers/Microsoft.Network/firewallPolicies/FWP-CMLFWTest-01-UKS",
            "identity": [],
            "insights": [],
            "intrusion_detection": [],
            "location": "uksouth",
            "name": "FWP-CMLFWTest-01-UKS",
            "private_ip_ranges": [],
            "resource_group_name": "RG-Platform-Networking",
            "rule_collection_groups": [
              "/subscriptions/3635cc97-a2d6-4bc1-9ea6-00fcddc10aa6/resourceGroups/RG-Platform-Networking/providers/Microsoft.Network/firewallPolicies/FWP-CMLFWTest-01-UKS/ruleCollectionGroups/FWP-RCG-CMLFWTest-01-UKS-NetworkRules",
              "/subscriptions/3635cc97-a2d6-4bc1-9ea6-00fcddc10aa6/resourceGroups/RG-Platform-Networking/providers/Microsoft.Network/firewallPolicies/FWP-CMLFWTest-01-UKS/ruleCollectionGroups/FWP-RCG-CMLFWTest-01-UKS-ApplicationRules"
            ],
            "sku": "Standard",
            "sql_redirect_allowed": null,
            "tags": {
              "environment": "Platform",
              "role": "Firewall Policy "
            },
            "threat_intelligence_allowlist": [],
            "threat_intelligence_mode": "Alert",
            "timeouts": null,
            "tls_certificate": []
          },
          "sensitive_attributes": [],
          "identity_schema_version": 0,
          "private": "eyJlMmJmYjczMC1lY2FhLTExZTYtOGY4OC0zNDM2M2JjN2M0YzAiOnsiY3JlYXRlIjoxODAwMDAwMDAwMDAwLCJkZWxldGUiOjE4MDAwMDAwMDAwMDAsInJlYWQiOjMwMDAwMDAwMDAwMCwidXBkYXRlIjoxODAwMDAwMDAwMDAwfX0=",
          "dependencies": [
            "data.azurerm_resource_group.rg-platform-networking"
          ]
        }
      ]
    },
    {
      "mode": "managed",
      "type": "azurerm_firewall_policy_rule_collection_group",
      "name": "fwp-rcg-cmlfwtest-applicationsrules-01-uks",
      "provider": "provider[\"registry.terraform.io/hashicorp/azurerm\"]",
      "instances": [
        {
          "schema_version": 0,
          "attributes": {
            "application_rule_collection": [],
            "firewall_policy_id": "/subscriptions/3635cc97-a2d6-4bc1-9ea6-00fcddc10aa6/resourceGroups/RG-Platform-Networking/providers/Microsoft.Network/firewallPolicies/FWP-CMLFWTest-01-UKS",
            "id": "/subscriptions/3635cc97-a2d6-4bc1-9ea6-00fcddc10aa6/resourceGroups/RG-Platform-Networking/providers/Microsoft.Network/firewallPolicies/FWP-CMLFWTest-01-UKS/ruleCollectionGroups/FWP-RCG-CMLFWTest-01-UKS-ApplicationRules",
            "name": "FWP-RCG-CMLFWTest-01-UKS-ApplicationRules",
            "nat_rule_collection": [],
            "network_rule_collection": [],
            "priority": 200,
            "timeouts": null
          },
          "sensitive_attributes": [],
          "identity_schema_version": 0,
          "private": "eyJlMmJmYjczMC1lY2FhLTExZTYtOGY4OC0zNDM2M2JjN2M0YzAiOnsiY3JlYXRlIjoxODAwMDAwMDAwMDAwLCJkZWxldGUiOjE4MDAwMDAwMDAwMDAsInJlYWQiOjMwMDAwMDAwMDAwMCwidXBkYXRlIjoxODAwMDAwMDAwMDAwfX0=",
          "dependencies": [
            "azurerm_firewall_policy.fwp-cmlfwtest-01-uks",
            "data.azurerm_resource_group.rg-platform-networking"
          ]
        }
      ]
    },
    {
      "mode": "managed",
      "type": "azurerm_firewall_policy_rule_collection_group",
      "name": "fwp-rcg-cmlfwtest-netrules-01-uks",
      "provider": "provider[\"registry.terraform.io/hashicorp/azurerm\"]",
      "instances": [
        {
          "schema_version": 0,
          "attributes": {
            "application_rule_collection": [],
            "firewall_policy_id": "/subscriptions/3635cc97-a2d6-4bc1-9ea6-00fcddc10aa6/resourceGroups/RG-Platform-Networking/providers/Microsoft.Network/firewallPolicies/FWP-CMLFWTest-01-UKS",
            "id": "/subscriptions/3635cc97-a2d6-4bc1-9ea6-00fcddc10aa6/resourceGroups/RG-Platform-Networking/providers/Microsoft.Network/firewallPolicies/FWP-CMLFWTest-01-UKS/ruleCollectionGroups/FWP-RCG-CMLFWTest-01-UKS-NetworkRules",
            "name": "FWP-RCG-CMLFWTest-01-UKS-NetworkRules",
            "nat_rule_collection": [],
            "network_rule_collection": [
              {
                "action": "Allow",
                "name": "Windows-Activation-Rules",
                "priority": 101,
                "rule": [
                  {
                    "description": "",
                    "destination_addresses": [
                      "kms.core.windows.net"
                    ],
                    "destination_fqdns": [],
                    "destination_ip_groups": [],
                    "destination_ports": [
                      "1688"
                    ],
                    "name": "Windows-Activation",
                    "protocols": [
                      "TCP"
                    ],
                    "source_addresses": [
                      "*"
                    ],
                    "source_ip_groups": []
                  }
                ]
              },
              {
                "action": "Allow",
                "name": "DNS-Rules",
                "priority": 102,
                "rule": [
                  {
                    "description": "",
                    "destination_addresses": [
                      "168.63.129.16"
                    ],
                    "destination_fqdns": [],
                    "destination_ip_groups": [],
                    "destination_ports": [
                      "53"
                    ],
                    "name": "Azure-DNS",
                    "protocols": [
                      "TCP"
                    ],
                    "source_addresses": [
                      "*"
                    ],
                    "source_ip_groups": []
                  },
                  {
                    "description": "",
                    "destination_addresses": [
                      "8.8.8.8,8.8.4.4"
                    ],
                    "destination_fqdns": [],
                    "destination_ip_groups": [],
                    "destination_ports": [
                      "53"
                    ],
                    "name": "GoogleDNS",
                    "protocols": [
                      "TCP"
                    ],
                    "source_addresses": [
                      "*"
                    ],
                    "source_ip_groups": []
                  },
                  {
                    "description": "",
                    "destination_addresses": [
                      "1.1.1.1,1.0.0.1"
                    ],
                    "destination_fqdns": [],
                    "destination_ip_groups": [],
                    "destination_ports": [
                      "53"
                    ],
                    "name": "Cloudflare-DNS",
                    "protocols": [
                      "TCP"
                    ],
                    "source_addresses": [
                      "*"
                    ],
                    "source_ip_groups": []
                  }
                ]
              }
            ],
            "priority": 100,
            "timeouts": null
          },
          "sensitive_attributes": [],
          "identity_schema_version": 0,
          "private": "eyJlMmJmYjczMC1lY2FhLTExZTYtOGY4OC0zNDM2M2JjN2M0YzAiOnsiY3JlYXRlIjoxODAwMDAwMDAwMDAwLCJkZWxldGUiOjE4MDAwMDAwMDAwMDAsInJlYWQiOjMwMDAwMDAwMDAwMCwidXBkYXRlIjoxODAwMDAwMDAwMDAwfX0=",
          "dependencies": [
            "azurerm_firewall_policy.fwp-cmlfwtest-01-uks",
            "data.azurerm_resource_group.rg-platform-networking"
          ]
        }
      ]
    },
    {
      "mode": "managed",
      "type": "azurerm_log_analytics_workspace",
      "name": "law-cml",
      "provider": "provider[\"registry.terraform.io/hashicorp/azurerm\"].sub-Platform",
      "instances": [
        {
          "schema_version": 3,
          "attributes": {
            "allow_resource_only_permissions": true,
            "cmk_for_query_forced": false,
            "daily_quota_gb": -1,
            "data_collection_rule_id": "",
            "id": "/subscriptions/3635cc97-a2d6-4bc1-9ea6-00fcddc10aa6/resourceGroups/RG-Platform-Monitoring/providers/Microsoft.OperationalInsights/workspaces/LAW-CML",
            "identity": [],
            "immediate_data_purge_on_30_days_enabled": false,
            "internet_ingestion_enabled": true,
            "internet_query_enabled": true,
            "local_authentication_disabled": false,
            "location": "uksouth",
            "name": "LAW-CML",
            "primary_shared_key": "rJFKGGOT4oIEGyQZjySExF+fKpQenxOiFDvZHPl3SW1+hj/B/0emPn9LBVZpKtHcabQTHzH6kWZiXpWsJ4XhcA==",
            "reservation_capacity_in_gb_per_day": null,
            "resource_group_name": "RG-Platform-Monitoring",
            "retention_in_days": 30,
            "secondary_shared_key": "FkmcPlaO2uMLkoD1stHnDXoNITkW/UFJD42alS6eoankFVMUrUHsyGU8wrVoURSQTqSTdT6yavI5pMo9gOzpMg==",
            "sku": "PerGB2018",
            "tags": {},
            "timeouts": null,
            "workspace_id": "a14e1724-f2a1-408e-a742-ec387d063259"
          },
          "sensitive_attributes": [
            [
              {
                "type": "get_attr",
                "value": "primary_shared_key"
              }
            ],
            [
              {
                "type": "get_attr",
                "value": "secondary_shared_key"
              }
            ]
          ],
          "identity_schema_version": 0,
          "private": "eyJlMmJmYjczMC1lY2FhLTExZTYtOGY4OC0zNDM2M2JjN2M0YzAiOnsiY3JlYXRlIjoxODAwMDAwMDAwMDAwLCJkZWxldGUiOjE4MDAwMDAwMDAwMDAsInJlYWQiOjMwMDAwMDAwMDAwMCwidXBkYXRlIjoxODAwMDAwMDAwMDAwfSwic2NoZW1hX3ZlcnNpb24iOiIzIn0=",
          "dependencies": [
            "data.azurerm_resource_group.rg-platform-monitoring"
          ]
        }
      ]
    },
    {
      "mode": "managed",
      "type": "azurerm_network_interface",
      "name": "cmlaz01dc01_nic",
      "provider": "provider[\"registry.terraform.io/hashicorp/azurerm\"].sub-Platform",
      "instances": [
        {
          "schema_version": 0,
          "attributes": {
            "accelerated_networking_enabled": false,
            "applied_dns_servers": [],
            "auxiliary_mode": "",
            "auxiliary_sku": "",
            "dns_servers": [],
            "edge_zone": "",
            "id": "/subscriptions/3635cc97-a2d6-4bc1-9ea6-00fcddc10aa6/resourceGroups/RG-Platform-DirServices/providers/Microsoft.Network/networkInterfaces/CMLAZ01DC01-NIC",
            "internal_dns_name_label": "",
            "internal_domain_name_suffix": "",
            "ip_configuration": [
              {
                "gateway_load_balancer_frontend_ip_configuration_id": "",
                "name": "internal",
                "primary": true,
                "private_ip_address": "10.101.10.5",
                "private_ip_address_allocation": "Static",
                "private_ip_address_version": "IPv4",
                "public_ip_address_id": "",
                "subnet_id": "/subscriptions/3635cc97-a2d6-4bc1-9ea6-00fcddc10aa6/resourceGroups/RG-Platform-Networking/providers/Microsoft.Network/virtualNetworks/AZ01-Platform-01/subnets/SN-DirServices"
              }
            ],
            "ip_forwarding_enabled": false,
            "location": "uksouth",
            "mac_address": "60-45-BD-F2-4A-3A",
            "name": "CMLAZ01DC01-NIC",
            "private_ip_address": "10.101.10.5",
            "private_ip_addresses": [
              "10.101.10.5"
            ],
            "resource_group_name": "RG-Platform-DirServices",
            "tags": {},
            "timeouts": null,
            "virtual_machine_id": "/subscriptions/3635cc97-a2d6-4bc1-9ea6-00fcddc10aa6/resourceGroups/RG-Platform-DirServices/providers/Microsoft.Compute/virtualMachines/CMLAZ01DC01"
          },
          "sensitive_attributes": [],
          "identity_schema_version": 0,
          "private": "eyJlMmJmYjczMC1lY2FhLTExZTYtOGY4OC0zNDM2M2JjN2M0YzAiOnsiY3JlYXRlIjoxODAwMDAwMDAwMDAwLCJkZWxldGUiOjE4MDAwMDAwMDAwMDAsInJlYWQiOjMwMDAwMDAwMDAwMCwidXBkYXRlIjoxODAwMDAwMDAwMDAwfX0=",
          "dependencies": [
            "azurerm_resource_group.rg-platform-dirservices",
            "azurerm_virtual_network.vnet-platform-01",
            "data.azurerm_resource_group.rg-platform-dirservices",
            "data.azurerm_resource_group.rg-platform-networking",
            "data.azurerm_subnet.sn-dirservices"
          ]
        }
      ]
    },
    {
      "mode": "managed",
      "type": "azurerm_network_security_group",
      "name": "nsg_platform-dirservices",
      "provider": "provider[\"registry.terraform.io/hashicorp/azurerm\"].sub-Platform",
      "instances": [
        {
          "schema_version": 0,
          "attributes": {
            "id": "/subscriptions/3635cc97-a2d6-4bc1-9ea6-00fcddc10aa6/resourceGroups/RG-Platform-Networking/providers/Microsoft.Network/networkSecurityGroups/NSG-Platform-DirServices",
            "location": "uksouth",
            "name": "NSG-Platform-DirServices",
            "resource_group_name": "RG-Platform-Networking",
            "security_rule": [
              {
                "access": "Allow",
                "description": "",
                "destination_address_prefix": "10.101.10.0/23",
                "destination_address_prefixes": [],
                "destination_application_security_group_ids": [],
                "destination_port_range": "3389",
                "destination_port_ranges": [],
                "direction": "Inbound",
                "name": "Allow-Bastion",
                "priority": 100,
                "protocol": "Tcp",
                "source_address_prefix": "10.101.250.0/24",
                "source_address_prefixes": [],
                "source_application_security_group_ids": [],
                "source_port_range": "*",
                "source_port_ranges": []
              },
              {
                "access": "Allow",
                "description": "",
                "destination_address_prefix": "10.101.10.5",
                "destination_address_prefixes": [],
                "destination_application_security_group_ids": [],
                "destination_port_range": "53",
                "destination_port_ranges": [],
                "direction": "Inbound",
                "name": "Allow-DNS",
                "priority": 200,
                "protocol": "Tcp",
                "source_address_prefix": "virtualNetwork",
                "source_address_prefixes": [],
                "source_application_security_group_ids": [],
                "source_port_range": "*",
                "source_port_ranges": []
              },
              {
                "access": "Deny",
                "description": "",
                "destination_address_prefix": "*",
                "destination_address_prefixes": [],
                "destination_application_security_group_ids": [],
                "destination_port_range": "*",
                "destination_port_ranges": [],
                "direction": "Inbound",
                "name": "Deny-Any-All",
                "priority": 4000,
                "protocol": "*",
                "source_address_prefix": "*",
                "source_address_prefixes": [],
                "source_application_security_group_ids": [],
                "source_port_range": "*",
                "source_port_ranges": []
              }
            ],
            "tags": {},
            "timeouts": null
          },
          "sensitive_attributes": [],
          "identity_schema_version": 0,
          "private": "eyJlMmJmYjczMC1lY2FhLTExZTYtOGY4OC0zNDM2M2JjN2M0YzAiOnsiY3JlYXRlIjoxODAwMDAwMDAwMDAwLCJkZWxldGUiOjE4MDAwMDAwMDAwMDAsInJlYWQiOjMwMDAwMDAwMDAwMCwidXBkYXRlIjoxODAwMDAwMDAwMDAwfX0=",
          "dependencies": [
            "data.azurerm_resource_group.rg-platform-networking"
          ]
        }
      ]
    },
    {
      "mode": "managed",
      "type": "azurerm_network_security_group",
      "name": "nsg_prod-01-appservices",
      "provider": "provider[\"registry.terraform.io/hashicorp/azurerm\"].sub-Prod-01",
      "instances": [
        {
          "schema_version": 0,
          "attributes": {
            "id": "/subscriptions/43d74b2b-f6c0-4c6b-9e12-1095e6955562/resourceGroups/RG-Prod-01-Networking/providers/Microsoft.Network/networkSecurityGroups/NSG-Prod-01-AppServices",
            "location": "uksouth",
            "name": "NSG-Prod-01-AppServices",
            "resource_group_name": "RG-Prod-01-Networking",
            "security_rule": [
              {
                "access": "Allow",
                "description": "",
                "destination_address_prefix": "10.102.100.0/23",
                "destination_address_prefixes": [],
                "destination_application_security_group_ids": [],
                "destination_port_range": "3389",
                "destination_port_ranges": [],
                "direction": "Inbound",
                "name": "Allow-Bastion",
                "priority": 100,
                "protocol": "Tcp",
                "source_address_prefix": "10.101.250.0/24",
                "source_address_prefixes": [],
                "source_application_security_group_ids": [],
                "source_port_range": "*",
                "source_port_ranges": []
              },
              {
                "access": "Deny",
                "description": "",
                "destination_address_prefix": "*",
                "destination_address_prefixes": [],
                "destination_application_security_group_ids": [],
                "destination_port_range": "*",
                "destination_port_ranges": [],
                "direction": "Inbound",
                "name": "Deny-Any-All",
                "priority": 4000,
                "protocol": "*",
                "source_address_prefix": "*",
                "source_address_prefixes": [],
                "source_application_security_group_ids": [],
                "source_port_range": "*",
                "source_port_ranges": []
              }
            ],
            "tags": {},
            "timeouts": null
          },
          "sensitive_attributes": [],
          "identity_schema_version": 0,
          "private": "eyJlMmJmYjczMC1lY2FhLTExZTYtOGY4OC0zNDM2M2JjN2M0YzAiOnsiY3JlYXRlIjoxODAwMDAwMDAwMDAwLCJkZWxldGUiOjE4MDAwMDAwMDAwMDAsInJlYWQiOjMwMDAwMDAwMDAwMCwidXBkYXRlIjoxODAwMDAwMDAwMDAwfX0=",
          "dependencies": [
            "data.azurerm_resource_group.rg-prod-01-networking"
          ]
        }
      ]
    },
    {
      "mode": "managed",
      "type": "azurerm_network_security_rule",
      "name": "nsg_platform_dirservices_allowbastion",
      "provider": "provider[\"registry.terraform.io/hashicorp/azurerm\"].sub-Platform",
      "instances": [
        {
          "schema_version": 0,
          "attributes": {
            "access": "Allow",
            "description": "",
            "destination_address_prefix": "10.101.10.0/23",
            "destination_address_prefixes": [],
            "destination_application_security_group_ids": [],
            "destination_port_range": "3389",
            "destination_port_ranges": [],
            "direction": "Inbound",
            "id": "/subscriptions/3635cc97-a2d6-4bc1-9ea6-00fcddc10aa6/resourceGroups/RG-Platform-Networking/providers/Microsoft.Network/networkSecurityGroups/NSG-Platform-DirServices/securityRules/Allow-Bastion",
            "name": "Allow-Bastion",
            "network_security_group_name": "NSG-Platform-DirServices",
            "priority": 100,
            "protocol": "Tcp",
            "resource_group_name": "RG-Platform-Networking",
            "source_address_prefix": "10.101.250.0/24",
            "source_address_prefixes": [],
            "source_application_security_group_ids": [],
            "source_port_range": "*",
            "source_port_ranges": [],
            "timeouts": null
          },
          "sensitive_attributes": [],
          "identity_schema_version": 0,
          "private": "eyJlMmJmYjczMC1lY2FhLTExZTYtOGY4OC0zNDM2M2JjN2M0YzAiOnsiY3JlYXRlIjoxODAwMDAwMDAwMDAwLCJkZWxldGUiOjE4MDAwMDAwMDAwMDAsInJlYWQiOjMwMDAwMDAwMDAwMCwidXBkYXRlIjoxODAwMDAwMDAwMDAwfX0=",
          "dependencies": [
            "azurerm_network_security_group.nsg_platform-dirservices",
            "data.azurerm_resource_group.rg-platform-networking"
          ]
        }
      ]
    },
    {
      "mode": "managed",
      "type": "azurerm_network_security_rule",
      "name": "nsg_platform_dirservices_allowdns",
      "provider": "provider[\"registry.terraform.io/hashicorp/azurerm\"].sub-Platform",
      "instances": [
        {
          "schema_version": 0,
          "attributes": {
            "access": "Allow",
            "description": "",
            "destination_address_prefix": "10.101.10.5",
            "destination_address_prefixes": [],
            "destination_application_security_group_ids": [],
            "destination_port_range": "53",
            "destination_port_ranges": [],
            "direction": "Inbound",
            "id": "/subscriptions/3635cc97-a2d6-4bc1-9ea6-00fcddc10aa6/resourceGroups/RG-Platform-Networking/providers/Microsoft.Network/networkSecurityGroups/NSG-Platform-DirServices/securityRules/Allow-DNS",
            "name": "Allow-DNS",
            "network_security_group_name": "NSG-Platform-DirServices",
            "priority": 200,
            "protocol": "Tcp",
            "resource_group_name": "RG-Platform-Networking",
            "source_address_prefix": "virtualNetwork",
            "source_address_prefixes": [],
            "source_application_security_group_ids": [],
            "source_port_range": "*",
            "source_port_ranges": [],
            "timeouts": null
          },
          "sensitive_attributes": [],
          "identity_schema_version": 0,
          "private": "eyJlMmJmYjczMC1lY2FhLTExZTYtOGY4OC0zNDM2M2JjN2M0YzAiOnsiY3JlYXRlIjoxODAwMDAwMDAwMDAwLCJkZWxldGUiOjE4MDAwMDAwMDAwMDAsInJlYWQiOjMwMDAwMDAwMDAwMCwidXBkYXRlIjoxODAwMDAwMDAwMDAwfX0=",
          "dependencies": [
            "azurerm_network_security_group.nsg_platform-dirservices",
            "data.azurerm_resource_group.rg-platform-networking"
          ]
        }
      ]
    },
    {
      "mode": "managed",
      "type": "azurerm_network_security_rule",
      "name": "nsg_platform_dirservices_denyall",
      "provider": "provider[\"registry.terraform.io/hashicorp/azurerm\"].sub-Platform",
      "instances": [
        {
          "schema_version": 0,
          "attributes": {
            "access": "Deny",
            "description": "",
            "destination_address_prefix": "*",
            "destination_address_prefixes": [],
            "destination_application_security_group_ids": [],
            "destination_port_range": "*",
            "destination_port_ranges": [],
            "direction": "Inbound",
            "id": "/subscriptions/3635cc97-a2d6-4bc1-9ea6-00fcddc10aa6/resourceGroups/RG-Platform-Networking/providers/Microsoft.Network/networkSecurityGroups/NSG-Platform-DirServices/securityRules/Deny-Any-All",
            "name": "Deny-Any-All",
            "network_security_group_name": "NSG-Platform-DirServices",
            "priority": 4000,
            "protocol": "*",
            "resource_group_name": "RG-Platform-Networking",
            "source_address_prefix": "*",
            "source_address_prefixes": [],
            "source_application_security_group_ids": [],
            "source_port_range": "*",
            "source_port_ranges": [],
            "timeouts": null
          },
          "sensitive_attributes": [],
          "identity_schema_version": 0,
          "private": "eyJlMmJmYjczMC1lY2FhLTExZTYtOGY4OC0zNDM2M2JjN2M0YzAiOnsiY3JlYXRlIjoxODAwMDAwMDAwMDAwLCJkZWxldGUiOjE4MDAwMDAwMDAwMDAsInJlYWQiOjMwMDAwMDAwMDAwMCwidXBkYXRlIjoxODAwMDAwMDAwMDAwfX0=",
          "dependencies": [
            "azurerm_network_security_group.nsg_platform-dirservices",
            "data.azurerm_resource_group.rg-platform-networking"
          ]
        }
      ]
    },
    {
      "mode": "managed",
      "type": "azurerm_network_security_rule",
      "name": "nsg_prod_01_appservices_allowbastion",
      "provider": "provider[\"registry.terraform.io/hashicorp/azurerm\"].sub-Prod-01",
      "instances": [
        {
          "schema_version": 0,
          "attributes": {
            "access": "Allow",
            "description": "",
            "destination_address_prefix": "10.102.100.0/23",
            "destination_address_prefixes": [],
            "destination_application_security_group_ids": [],
            "destination_port_range": "3389",
            "destination_port_ranges": [],
            "direction": "Inbound",
            "id": "/subscriptions/43d74b2b-f6c0-4c6b-9e12-1095e6955562/resourceGroups/RG-Prod-01-Networking/providers/Microsoft.Network/networkSecurityGroups/NSG-Prod-01-AppServices/securityRules/Allow-Bastion",
            "name": "Allow-Bastion",
            "network_security_group_name": "NSG-Prod-01-AppServices",
            "priority": 100,
            "protocol": "Tcp",
            "resource_group_name": "RG-Prod-01-Networking",
            "source_address_prefix": "10.101.250.0/24",
            "source_address_prefixes": [],
            "source_application_security_group_ids": [],
            "source_port_range": "*",
            "source_port_ranges": [],
            "timeouts": null
          },
          "sensitive_attributes": [],
          "identity_schema_version": 0,
          "private": "eyJlMmJmYjczMC1lY2FhLTExZTYtOGY4OC0zNDM2M2JjN2M0YzAiOnsiY3JlYXRlIjoxODAwMDAwMDAwMDAwLCJkZWxldGUiOjE4MDAwMDAwMDAwMDAsInJlYWQiOjMwMDAwMDAwMDAwMCwidXBkYXRlIjoxODAwMDAwMDAwMDAwfX0=",
          "dependencies": [
            "azurerm_network_security_group.nsg_prod-01-appservices",
            "data.azurerm_resource_group.rg-prod-01-networking"
          ]
        }
      ]
    },
    {
      "mode": "managed",
      "type": "azurerm_network_security_rule",
      "name": "nsg_prod_01_appservices_denyall",
      "provider": "provider[\"registry.terraform.io/hashicorp/azurerm\"].sub-Prod-01",
      "instances": [
        {
          "schema_version": 0,
          "attributes": {
            "access": "Deny",
            "description": "",
            "destination_address_prefix": "*",
            "destination_address_prefixes": [],
            "destination_application_security_group_ids": [],
            "destination_port_range": "*",
            "destination_port_ranges": [],
            "direction": "Inbound",
            "id": "/subscriptions/43d74b2b-f6c0-4c6b-9e12-1095e6955562/resourceGroups/RG-Prod-01-Networking/providers/Microsoft.Network/networkSecurityGroups/NSG-Prod-01-AppServices/securityRules/Deny-Any-All",
            "name": "Deny-Any-All",
            "network_security_group_name": "NSG-Prod-01-AppServices",
            "priority": 4000,
            "protocol": "*",
            "resource_group_name": "RG-Prod-01-Networking",
            "source_address_prefix": "*",
            "source_address_prefixes": [],
            "source_application_security_group_ids": [],
            "source_port_range": "*",
            "source_port_ranges": [],
            "timeouts": null
          },
          "sensitive_attributes": [],
          "identity_schema_version": 0,
          "private": "eyJlMmJmYjczMC1lY2FhLTExZTYtOGY4OC0zNDM2M2JjN2M0YzAiOnsiY3JlYXRlIjoxODAwMDAwMDAwMDAwLCJkZWxldGUiOjE4MDAwMDAwMDAwMDAsInJlYWQiOjMwMDAwMDAwMDAwMCwidXBkYXRlIjoxODAwMDAwMDAwMDAwfX0=",
          "dependencies": [
            "azurerm_network_security_group.nsg_prod-01-appservices",
            "data.azurerm_resource_group.rg-prod-01-networking"
          ]
        }
      ]
    },
    {
      "mode": "managed",
      "type": "azurerm_public_ip",
      "name": "pip-cml-bastion-01",
      "provider": "provider[\"registry.terraform.io/hashicorp/azurerm\"].sub-Platform",
      "instances": [
        {
          "schema_version": 0,
          "attributes": {
            "allocation_method": "Static",
            "ddos_protection_mode": "VirtualNetworkInherited",
            "ddos_protection_plan_id": null,
            "domain_name_label": null,
            "edge_zone": "",
            "fqdn": null,
            "id": "/subscriptions/3635cc97-a2d6-4bc1-9ea6-00fcddc10aa6/resourceGroups/RG-Platform-Networking/providers/Microsoft.Network/publicIPAddresses/PIP-CML-Bastion-01",
            "idle_timeout_in_minutes": 4,
            "ip_address": "172.167.37.27",
            "ip_tags": {},
            "ip_version": "IPv4",
            "location": "uksouth",
            "name": "PIP-CML-Bastion-01",
            "public_ip_prefix_id": null,
            "resource_group_name": "RG-Platform-Networking",
            "reverse_fqdn": null,
            "sku": "Standard",
            "sku_tier": "Regional",
            "tags": {},
            "timeouts": null,
            "zones": []
          },
          "sensitive_attributes": [],
          "identity_schema_version": 0,
          "private": "eyJlMmJmYjczMC1lY2FhLTExZTYtOGY4OC0zNDM2M2JjN2M0YzAiOnsiY3JlYXRlIjoxODAwMDAwMDAwMDAwLCJkZWxldGUiOjE4MDAwMDAwMDAwMDAsInJlYWQiOjMwMDAwMDAwMDAwMCwidXBkYXRlIjoxODAwMDAwMDAwMDAwfX0=",
          "dependencies": [
            "data.azurerm_resource_group.rg-platform-networking"
          ]
        }
      ]
    },
    {
      "mode": "managed",
      "type": "azurerm_resource_group",
      "name": "rg-platform-dirservices",
      "provider": "provider[\"registry.terraform.io/hashicorp/azurerm\"].sub-Platform",
      "instances": [
        {
          "schema_version": 0,
          "attributes": {
            "id": "/subscriptions/3635cc97-a2d6-4bc1-9ea6-00fcddc10aa6/resourceGroups/RG-Platform-DirServices",
            "location": "uksouth",
            "managed_by": "",
            "name": "RG-Platform-DirServices",
            "tags": {},
            "timeouts": null
          },
          "sensitive_attributes": [],
          "identity_schema_version": 0,
          "private": "eyJlMmJmYjczMC1lY2FhLTExZTYtOGY4OC0zNDM2M2JjN2M0YzAiOnsiY3JlYXRlIjo1NDAwMDAwMDAwMDAwLCJkZWxldGUiOjU0MDAwMDAwMDAwMDAsInJlYWQiOjMwMDAwMDAwMDAwMCwidXBkYXRlIjo1NDAwMDAwMDAwMDAwfX0="
        }
      ]
    },
    {
      "mode": "managed",
      "type": "azurerm_subnet",
      "name": "SN-AppServices",
      "provider": "provider[\"registry.terraform.io/hashicorp/azurerm\"].sub-Prod-01",
      "instances": [
        {
          "schema_version": 0,
          "attributes": {
            "address_prefixes": [
              "10.102.100.0/23"
            ],
            "default_outbound_access_enabled": true,
            "delegation": [],
            "id": "/subscriptions/43d74b2b-f6c0-4c6b-9e12-1095e6955562/resourceGroups/RG-Prod-01-Networking/providers/Microsoft.Network/virtualNetworks/AZ01-Prod-01/subnets/SN-AppServices",
            "name": "SN-AppServices",
            "private_endpoint_network_policies": "Disabled",
            "private_link_service_network_policies_enabled": true,
            "resource_group_name": "RG-Prod-01-Networking",
            "service_endpoint_policy_ids": [],
            "service_endpoints": [],
            "timeouts": null,
            "virtual_network_name": "AZ01-Prod-01"
          },
          "sensitive_attributes": [],
          "identity_schema_version": 0,
          "private": "eyJlMmJmYjczMC1lY2FhLTExZTYtOGY4OC0zNDM2M2JjN2M0YzAiOnsiY3JlYXRlIjoxODAwMDAwMDAwMDAwLCJkZWxldGUiOjE4MDAwMDAwMDAwMDAsInJlYWQiOjMwMDAwMDAwMDAwMCwidXBkYXRlIjoxODAwMDAwMDAwMDAwfX0=",
          "dependencies": [
            "azurerm_virtual_network.vnet-prod-01",
            "data.azurerm_resource_group.rg-prod-01-networking"
          ]
        }
      ]
    },
    {
      "mode": "managed",
      "type": "azurerm_subnet",
      "name": "SN-DirServices",
      "provider": "provider[\"registry.terraform.io/hashicorp/azurerm\"].sub-Platform",
      "instances": [
        {
          "schema_version": 0,
          "attributes": {
            "address_prefixes": [
              "10.101.10.0/23"
            ],
            "default_outbound_access_enabled": true,
            "delegation": [],
            "id": "/subscriptions/3635cc97-a2d6-4bc1-9ea6-00fcddc10aa6/resourceGroups/RG-Platform-Networking/providers/Microsoft.Network/virtualNetworks/AZ01-Platform-01/subnets/SN-DirServices",
            "name": "SN-DirServices",
            "private_endpoint_network_policies": "Disabled",
            "private_link_service_network_policies_enabled": true,
            "resource_group_name": "RG-Platform-Networking",
            "service_endpoint_policy_ids": [],
            "service_endpoints": [],
            "timeouts": null,
            "virtual_network_name": "AZ01-Platform-01"
          },
          "sensitive_attributes": [],
          "identity_schema_version": 0,
          "private": "eyJlMmJmYjczMC1lY2FhLTExZTYtOGY4OC0zNDM2M2JjN2M0YzAiOnsiY3JlYXRlIjoxODAwMDAwMDAwMDAwLCJkZWxldGUiOjE4MDAwMDAwMDAwMDAsInJlYWQiOjMwMDAwMDAwMDAwMCwidXBkYXRlIjoxODAwMDAwMDAwMDAwfX0=",
          "dependencies": [
            "azurerm_virtual_network.vnet-platform-01",
            "data.azurerm_resource_group.rg-platform-networking"
          ]
        }
      ]
    },
    {
      "mode": "managed",
      "type": "azurerm_subnet",
      "name": "SN_AzureFirewallSubnet",
      "provider": "provider[\"registry.terraform.io/hashicorp/azurerm\"].sub-Platform",
      "instances": [
        {
          "schema_version": 0,
          "attributes": {
            "address_prefixes": [
              "10.101.251.0/24"
            ],
            "default_outbound_access_enabled": true,
            "delegation": [],
            "id": "/subscriptions/3635cc97-a2d6-4bc1-9ea6-00fcddc10aa6/resourceGroups/RG-Platform-Networking/providers/Microsoft.Network/virtualNetworks/AZ01-Platform-01/subnets/AzureFirewallSubnet",
            "name": "AzureFirewallSubnet",
            "private_endpoint_network_policies": "Disabled",
            "private_link_service_network_policies_enabled": true,
            "resource_group_name": "RG-Platform-Networking",
            "service_endpoint_policy_ids": [],
            "service_endpoints": [],
            "timeouts": null,
            "virtual_network_name": "AZ01-Platform-01"
          },
          "sensitive_attributes": [],
          "identity_schema_version": 0,
          "private": "eyJlMmJmYjczMC1lY2FhLTExZTYtOGY4OC0zNDM2M2JjN2M0YzAiOnsiY3JlYXRlIjoxODAwMDAwMDAwMDAwLCJkZWxldGUiOjE4MDAwMDAwMDAwMDAsInJlYWQiOjMwMDAwMDAwMDAwMCwidXBkYXRlIjoxODAwMDAwMDAwMDAwfX0=",
          "dependencies": [
            "azurerm_virtual_network.vnet-platform-01",
            "data.azurerm_resource_group.rg-platform-networking"
          ]
        }
      ]
    },
    {
      "mode": "managed",
      "type": "azurerm_subnet",
      "name": "SN_BastionSubnet",
      "provider": "provider[\"registry.terraform.io/hashicorp/azurerm\"].sub-Platform",
      "instances": [
        {
          "schema_version": 0,
          "attributes": {
            "address_prefixes": [
              "10.101.250.0/24"
            ],
            "default_outbound_access_enabled": true,
            "delegation": [],
            "id": "/subscriptions/3635cc97-a2d6-4bc1-9ea6-00fcddc10aa6/resourceGroups/RG-Platform-Networking/providers/Microsoft.Network/virtualNetworks/AZ01-Platform-01/subnets/AzureBastionSubnet",
            "name": "AzureBastionSubnet",
            "private_endpoint_network_policies": "Disabled",
            "private_link_service_network_policies_enabled": true,
            "resource_group_name": "RG-Platform-Networking",
            "service_endpoint_policy_ids": [],
            "service_endpoints": [],
            "timeouts": null,
            "virtual_network_name": "AZ01-Platform-01"
          },
          "sensitive_attributes": [],
          "identity_schema_version": 0,
          "private": "eyJlMmJmYjczMC1lY2FhLTExZTYtOGY4OC0zNDM2M2JjN2M0YzAiOnsiY3JlYXRlIjoxODAwMDAwMDAwMDAwLCJkZWxldGUiOjE4MDAwMDAwMDAwMDAsInJlYWQiOjMwMDAwMDAwMDAwMCwidXBkYXRlIjoxODAwMDAwMDAwMDAwfX0=",
          "dependencies": [
            "azurerm_virtual_network.vnet-platform-01",
            "data.azurerm_resource_group.rg-platform-networking"
          ]
        }
      ]
    },
    {
      "mode": "managed",
      "type": "azurerm_subnet_network_security_group_association",
      "name": "assoc-nsg-appservices",
      "provider": "provider[\"registry.terraform.io/hashicorp/azurerm\"].sub-Prod-01",
      "instances": [
        {
          "schema_version": 0,
          "attributes": {
            "id": "/subscriptions/43d74b2b-f6c0-4c6b-9e12-1095e6955562/resourceGroups/RG-Prod-01-Networking/providers/Microsoft.Network/virtualNetworks/AZ01-Prod-01/subnets/SN-AppServices",
            "network_security_group_id": "/subscriptions/43d74b2b-f6c0-4c6b-9e12-1095e6955562/resourceGroups/RG-Prod-01-Networking/providers/Microsoft.Network/networkSecurityGroups/NSG-Prod-01-AppServices",
            "subnet_id": "/subscriptions/43d74b2b-f6c0-4c6b-9e12-1095e6955562/resourceGroups/RG-Prod-01-Networking/providers/Microsoft.Network/virtualNetworks/AZ01-Prod-01/subnets/SN-AppServices",
            "timeouts": null
          },
          "sensitive_attributes": [],
          "identity_schema_version": 0,
          "private": "eyJlMmJmYjczMC1lY2FhLTExZTYtOGY4OC0zNDM2M2JjN2M0YzAiOnsiY3JlYXRlIjoxODAwMDAwMDAwMDAwLCJkZWxldGUiOjE4MDAwMDAwMDAwMDAsInJlYWQiOjMwMDAwMDAwMDAwMH19",
          "dependencies": [
            "azurerm_network_security_group.nsg_prod-01-appservices",
            "azurerm_subnet.SN-AppServices",
            "azurerm_virtual_network.vnet-prod-01",
            "data.azurerm_resource_group.rg-prod-01-networking"
          ]
        }
      ]
    },
    {
      "mode": "managed",
      "type": "azurerm_subnet_network_security_group_association",
      "name": "assoc-nsg-dirservices",
      "provider": "provider[\"registry.terraform.io/hashicorp/azurerm\"].sub-Platform",
      "instances": [
        {
          "schema_version": 0,
          "attributes": {
            "id": "/subscriptions/3635cc97-a2d6-4bc1-9ea6-00fcddc10aa6/resourceGroups/RG-Platform-Networking/providers/Microsoft.Network/virtualNetworks/AZ01-Platform-01/subnets/SN-DirServices",
            "network_security_group_id": "/subscriptions/3635cc97-a2d6-4bc1-9ea6-00fcddc10aa6/resourceGroups/RG-Platform-Networking/providers/Microsoft.Network/networkSecurityGroups/NSG-Platform-DirServices",
            "subnet_id": "/subscriptions/3635cc97-a2d6-4bc1-9ea6-00fcddc10aa6/resourceGroups/RG-Platform-Networking/providers/Microsoft.Network/virtualNetworks/AZ01-Platform-01/subnets/SN-DirServices",
            "timeouts": null
          },
          "sensitive_attributes": [],
          "identity_schema_version": 0,
          "private": "eyJlMmJmYjczMC1lY2FhLTExZTYtOGY4OC0zNDM2M2JjN2M0YzAiOnsiY3JlYXRlIjoxODAwMDAwMDAwMDAwLCJkZWxldGUiOjE4MDAwMDAwMDAwMDAsInJlYWQiOjMwMDAwMDAwMDAwMH19",
          "dependencies": [
            "azurerm_network_security_group.nsg_platform-dirservices",
            "azurerm_subnet.SN-DirServices",
            "azurerm_virtual_network.vnet-platform-01",
            "data.azurerm_resource_group.rg-platform-networking"
          ]
        }
      ]
    },
    {
      "mode": "managed",
      "type": "azurerm_virtual_network",
      "name": "vnet-platform-01",
      "provider": "provider[\"registry.terraform.io/hashicorp/azurerm\"].sub-Platform",
      "instances": [
        {
          "schema_version": 0,
          "attributes": {
            "address_space": [
              "10.101.0.0/16"
            ],
            "bgp_community": "",
            "ddos_protection_plan": [],
            "dns_servers": [],
            "edge_zone": "",
            "encryption": [],
            "flow_timeout_in_minutes": 0,
            "guid": "b0d37e89-060c-4ae9-964a-3406b2aba757",
            "id": "/subscriptions/3635cc97-a2d6-4bc1-9ea6-00fcddc10aa6/resourceGroups/RG-Platform-Networking/providers/Microsoft.Network/virtualNetworks/AZ01-Platform-01",
            "location": "uksouth",
            "name": "AZ01-Platform-01",
            "resource_group_name": "RG-Platform-Networking",
            "subnet": [
              {
                "address_prefixes": [
                  "10.101.10.0/23"
                ],
                "default_outbound_access_enabled": true,
                "delegation": [],
                "id": "/subscriptions/3635cc97-a2d6-4bc1-9ea6-00fcddc10aa6/resourceGroups/RG-Platform-Networking/providers/Microsoft.Network/virtualNetworks/AZ01-Platform-01/subnets/SN-DirServices",
                "name": "SN-DirServices",
                "private_endpoint_network_policies": "Disabled",
                "private_link_service_network_policies_enabled": true,
                "route_table_id": "",
                "security_group": "/subscriptions/3635cc97-a2d6-4bc1-9ea6-00fcddc10aa6/resourceGroups/RG-Platform-Networking/providers/Microsoft.Network/networkSecurityGroups/NSG-Platform-DirServices",
                "service_endpoint_policy_ids": [],
                "service_endpoints": []
              },
              {
                "address_prefixes": [
                  "10.101.250.0/24"
                ],
                "default_outbound_access_enabled": true,
                "delegation": [],
                "id": "/subscriptions/3635cc97-a2d6-4bc1-9ea6-00fcddc10aa6/resourceGroups/RG-Platform-Networking/providers/Microsoft.Network/virtualNetworks/AZ01-Platform-01/subnets/AzureBastionSubnet",
                "name": "AzureBastionSubnet",
                "private_endpoint_network_policies": "Disabled",
                "private_link_service_network_policies_enabled": true,
                "route_table_id": "",
                "security_group": "",
                "service_endpoint_policy_ids": [],
                "service_endpoints": []
              },
              {
                "address_prefixes": [
                  "10.101.251.0/24"
                ],
                "default_outbound_access_enabled": true,
                "delegation": [],
                "id": "/subscriptions/3635cc97-a2d6-4bc1-9ea6-00fcddc10aa6/resourceGroups/RG-Platform-Networking/providers/Microsoft.Network/virtualNetworks/AZ01-Platform-01/subnets/AzureFirewallSubnet",
                "name": "AzureFirewallSubnet",
                "private_endpoint_network_policies": "Disabled",
                "private_link_service_network_policies_enabled": true,
                "route_table_id": "",
                "security_group": "",
                "service_endpoint_policy_ids": [],
                "service_endpoints": []
              }
            ],
            "tags": {},
            "timeouts": null
          },
          "sensitive_attributes": [],
          "identity_schema_version": 0,
          "private": "eyJlMmJmYjczMC1lY2FhLTExZTYtOGY4OC0zNDM2M2JjN2M0YzAiOnsiY3JlYXRlIjoxODAwMDAwMDAwMDAwLCJkZWxldGUiOjE4MDAwMDAwMDAwMDAsInJlYWQiOjMwMDAwMDAwMDAwMCwidXBkYXRlIjoxODAwMDAwMDAwMDAwfSwic2NoZW1hX3ZlcnNpb24iOiIwIn0=",
          "dependencies": [
            "data.azurerm_resource_group.rg-platform-networking"
          ]
        }
      ]
    },
    {
      "mode": "managed",
      "type": "azurerm_virtual_network",
      "name": "vnet-prod-01",
      "provider": "provider[\"registry.terraform.io/hashicorp/azurerm\"].sub-Prod-01",
      "instances": [
        {
          "schema_version": 0,
          "attributes": {
            "address_space": [
              "10.102.0.0/16"
            ],
            "bgp_community": "",
            "ddos_protection_plan": [],
            "dns_servers": [],
            "edge_zone": "",
            "encryption": [],
            "flow_timeout_in_minutes": 0,
            "guid": "9face24a-0deb-4b57-a2fd-c13c20660d23",
            "id": "/subscriptions/43d74b2b-f6c0-4c6b-9e12-1095e6955562/resourceGroups/RG-Prod-01-Networking/providers/Microsoft.Network/virtualNetworks/AZ01-Prod-01",
            "location": "uksouth",
            "name": "AZ01-Prod-01",
            "resource_group_name": "RG-Prod-01-Networking",
            "subnet": [
              {
                "address_prefixes": [
                  "10.102.100.0/23"
                ],
                "default_outbound_access_enabled": true,
                "delegation": [],
                "id": "/subscriptions/43d74b2b-f6c0-4c6b-9e12-1095e6955562/resourceGroups/RG-Prod-01-Networking/providers/Microsoft.Network/virtualNetworks/AZ01-Prod-01/subnets/SN-AppServices",
                "name": "SN-AppServices",
                "private_endpoint_network_policies": "Disabled",
                "private_link_service_network_policies_enabled": true,
                "route_table_id": "",
                "security_group": "/subscriptions/43d74b2b-f6c0-4c6b-9e12-1095e6955562/resourceGroups/RG-Prod-01-Networking/providers/Microsoft.Network/networkSecurityGroups/NSG-Prod-01-AppServices",
                "service_endpoint_policy_ids": [],
                "service_endpoints": []
              }
            ],
            "tags": {},
            "timeouts": null
          },
          "sensitive_attributes": [],
          "identity_schema_version": 0,
          "private": "eyJlMmJmYjczMC1lY2FhLTExZTYtOGY4OC0zNDM2M2JjN2M0YzAiOnsiY3JlYXRlIjoxODAwMDAwMDAwMDAwLCJkZWxldGUiOjE4MDAwMDAwMDAwMDAsInJlYWQiOjMwMDAwMDAwMDAwMCwidXBkYXRlIjoxODAwMDAwMDAwMDAwfX0=",
          "dependencies": [
            "data.azurerm_resource_group.rg-prod-01-networking"
          ]
        }
      ]
    },
    {
      "mode": "managed",
      "type": "azurerm_virtual_network_peering",
      "name": "peer-platform-prod",
      "provider": "provider[\"registry.terraform.io/hashicorp/azurerm\"].sub-Platform",
      "instances": [
        {
          "schema_version": 0,
          "attributes": {
            "allow_forwarded_traffic": true,
            "allow_gateway_transit": false,
            "allow_virtual_network_access": true,
            "id": "/subscriptions/3635cc97-a2d6-4bc1-9ea6-00fcddc10aa6/resourceGroups/RG-Platform-Networking/providers/Microsoft.Network/virtualNetworks/AZ01-Platform-01/virtualNetworkPeerings/Peer-AZ01-Platform-AZ01-Prod-01",
            "local_subnet_names": [],
            "name": "Peer-AZ01-Platform-AZ01-Prod-01",
            "only_ipv6_peering_enabled": false,
            "peer_complete_virtual_networks_enabled": true,
            "remote_subnet_names": [],
            "remote_virtual_network_id": "/subscriptions/43d74b2b-f6c0-4c6b-9e12-1095e6955562/resourceGroups/RG-Prod-01-Networking/providers/Microsoft.Network/virtualNetworks/AZ01-Prod-01",
            "resource_group_name": "RG-Platform-Networking",
            "timeouts": null,
            "triggers": null,
            "use_remote_gateways": false,
            "virtual_network_name": "AZ01-Platform-01"
          },
          "sensitive_attributes": [],
          "identity_schema_version": 0,
          "private": "eyJlMmJmYjczMC1lY2FhLTExZTYtOGY4OC0zNDM2M2JjN2M0YzAiOnsiY3JlYXRlIjoxODAwMDAwMDAwMDAwLCJkZWxldGUiOjE4MDAwMDAwMDAwMDAsInJlYWQiOjMwMDAwMDAwMDAwMCwidXBkYXRlIjoxODAwMDAwMDAwMDAwfX0=",
          "dependencies": [
            "azurerm_virtual_network.vnet-platform-01",
            "azurerm_virtual_network.vnet-prod-01",
            "data.azurerm_resource_group.rg-platform-networking",
            "data.azurerm_resource_group.rg-prod-01-networking"
          ]
        }
      ]
    },
    {
      "mode": "managed",
      "type": "azurerm_virtual_network_peering",
      "name": "peer-prod-platform",
      "provider": "provider[\"registry.terraform.io/hashicorp/azurerm\"].sub-Prod-01",
      "instances": [
        {
          "schema_version": 0,
          "attributes": {
            "allow_forwarded_traffic": true,
            "allow_gateway_transit": false,
            "allow_virtual_network_access": true,
            "id": "/subscriptions/43d74b2b-f6c0-4c6b-9e12-1095e6955562/resourceGroups/RG-Prod-01-Networking/providers/Microsoft.Network/virtualNetworks/AZ01-Prod-01/virtualNetworkPeerings/Peer-AZ01-Prod-01-AZ01-Platform",
            "local_subnet_names": [],
            "name": "Peer-AZ01-Prod-01-AZ01-Platform",
            "only_ipv6_peering_enabled": false,
            "peer_complete_virtual_networks_enabled": true,
            "remote_subnet_names": [],
            "remote_virtual_network_id": "/subscriptions/3635cc97-a2d6-4bc1-9ea6-00fcddc10aa6/resourceGroups/RG-Platform-Networking/providers/Microsoft.Network/virtualNetworks/AZ01-Platform-01",
            "resource_group_name": "RG-Prod-01-Networking",
            "timeouts": null,
            "triggers": null,
            "use_remote_gateways": false,
            "virtual_network_name": "AZ01-Prod-01"
          },
          "sensitive_attributes": [],
          "identity_schema_version": 0,
          "private": "eyJlMmJmYjczMC1lY2FhLTExZTYtOGY4OC0zNDM2M2JjN2M0YzAiOnsiY3JlYXRlIjoxODAwMDAwMDAwMDAwLCJkZWxldGUiOjE4MDAwMDAwMDAwMDAsInJlYWQiOjMwMDAwMDAwMDAwMCwidXBkYXRlIjoxODAwMDAwMDAwMDAwfX0=",
          "dependencies": [
            "azurerm_virtual_network.vnet-platform-01",
            "azurerm_virtual_network.vnet-prod-01",
            "data.azurerm_resource_group.rg-platform-networking",
            "data.azurerm_resource_group.rg-prod-01-networking"
          ]
        }
      ]
    },
    {
      "mode": "managed",
      "type": "azurerm_windows_virtual_machine",
      "name": "cmlaz01dc01_vm",
      "provider": "provider[\"registry.terraform.io/hashicorp/azurerm\"].platform",
      "instances": [
        {
          "schema_version": 0,
          "attributes": {
            "additional_capabilities": [],
            "additional_unattend_content": [],
            "admin_password": "P@ssw0rd1234!",
            "admin_username": "IntercityAdmin",
            "allow_extension_operations": true,
            "availability_set_id": "",
            "boot_diagnostics": [],
            "bypass_platform_safety_checks_on_user_schedule_enabled": false,
            "capacity_reservation_group_id": "",
            "computer_name": "CMLAZ01DC01",
            "custom_data": null,
            "dedicated_host_group_id": "",
            "dedicated_host_id": "",
            "disk_controller_type": "",
            "edge_zone": "",
            "enable_automatic_updates": true,
            "encryption_at_host_enabled": false,
            "eviction_policy": "",
            "extensions_time_budget": "PT1H30M",
            "gallery_application": [],
            "hotpatching_enabled": false,
            "id": "/subscriptions/3635cc97-a2d6-4bc1-9ea6-00fcddc10aa6/resourceGroups/RG-Platform-DirServices/providers/Microsoft.Compute/virtualMachines/CMLAZ01DC01",
            "identity": [],
            "license_type": "",
            "location": "uksouth",
            "max_bid_price": -1,
            "name": "CMLAZ01DC01",
            "network_interface_ids": [
              "/subscriptions/3635cc97-a2d6-4bc1-9ea6-00fcddc10aa6/resourceGroups/RG-Platform-DirServices/providers/Microsoft.Network/networkInterfaces/CMLAZ01DC01-NIC"
            ],
            "os_disk": [
              {
                "caching": "ReadWrite",
                "diff_disk_settings": [],
                "disk_encryption_set_id": "",
                "disk_size_gb": 127,
                "name": "CMLAZ01DC01_OSDisk",
                "secure_vm_disk_encryption_set_id": "",
                "security_encryption_type": "",
                "storage_account_type": "Premium_LRS",
                "write_accelerator_enabled": false
              }
            ],
            "os_image_notification": [],
            "patch_assessment_mode": "ImageDefault",
            "patch_mode": "AutomaticByOS",
            "plan": [],
            "platform_fault_domain": -1,
            "priority": "Regular",
            "private_ip_address": "10.101.10.5",
            "private_ip_addresses": [
              "10.101.10.5"
            ],
            "provision_vm_agent": true,
            "proximity_placement_group_id": "",
            "public_ip_address": "",
            "public_ip_addresses": [],
            "reboot_setting": "",
            "resource_group_name": "RG-Platform-DirServices",
            "secret": [],
            "secure_boot_enabled": false,
            "size": "Standard_B2ms",
            "source_image_id": "",
            "source_image_reference": [
              {
                "offer": "WindowsServer",
                "publisher": "MicrosoftWindowsServer",
                "sku": "2025-Datacenter",
                "version": "latest"
              }
            ],
            "tags": {
              "environment": "Platform",
              "role": "Domain Controller"
            },
            "termination_notification": [],
            "timeouts": null,
            "timezone": "",
            "user_data": "",
            "virtual_machine_id": "410e9c67-f127-4e57-b9d8-b5d134b9a36d",
            "virtual_machine_scale_set_id": "",
            "vm_agent_platform_updates_enabled": true,
            "vtpm_enabled": false,
            "winrm_listener": [],
            "zone": ""
          },
          "sensitive_attributes": [
            [
              {
                "type": "get_attr",
                "value": "admin_password"
              }
            ],
            [
              {
                "type": "get_attr",
                "value": "custom_data"
              }
            ]
          ],
          "identity_schema_version": 0,
          "private": "eyJlMmJmYjczMC1lY2FhLTExZTYtOGY4OC0zNDM2M2JjN2M0YzAiOnsiY3JlYXRlIjoyNzAwMDAwMDAwMDAwLCJkZWxldGUiOjI3MDAwMDAwMDAwMDAsInJlYWQiOjMwMDAwMDAwMDAwMCwidXBkYXRlIjoyNzAwMDAwMDAwMDAwfX0=",
          "dependencies": [
            "azurerm_network_interface.cmlaz01dc01_nic",
            "azurerm_resource_group.rg-platform-dirservices",
            "azurerm_virtual_network.vnet-platform-01",
            "data.azurerm_resource_group.rg-platform-dirservices",
            "data.azurerm_resource_group.rg-platform-networking",
            "data.azurerm_subnet.sn-dirservices"
          ]
        }
      ]
    }
  ],
  "check_results": null
}
